
Microsoft Visual Studio Solution File, Format Version 12.00
# Visual Studio Version 17
VisualStudioVersion = 17.14.36127.28 d17.14
MinimumVisualStudioVersion = 10.0.40219.1
Project("{FAE04EC0-301F-11D3-BF4B-00C04F79EFBC}") = "LibraryManagementSystem", "LibraryManagementSystem\LibraryManagementSystem.csproj", "{7669DF29-95E5-4572-B55D-9D1554E6D75A}"
EndProject
Global
	GlobalSection(SolutionConfigurationPlatforms) = preSolution
		Debug|Any CPU = Debug|Any CPU
		Release|Any CPU = Release|Any CPU
	EndGlobalSection
	GlobalSection(ProjectConfigurationPlatforms) = postSolution
		{7669DF29-95E5-4572-B55D-9D1554E6D75A}.Debug|Any CPU.ActiveCfg = Debug|Any CPU
		{7669DF29-95E5-4572-B55D-9D1554E6D75A}.Debug|Any CPU.Build.0 = Debug|Any CPU
		{7669DF29-95E5-4572-B55D-9D1554E6D75A}.Release|Any CPU.ActiveCfg = Release|Any CPU
		{7669DF29-95E5-4572-B55D-9D1554E6D75A}.Release|Any CPU.Build.0 = Release|Any CPU
	EndGlobalSection
	GlobalSection(SolutionProperties) = preSolution
		HideSolutionNode = FALSE
	EndGlobalSection
	GlobalSection(ExtensibilityGlobals) = postSolution
		SolutionGuid = {A2DBA733-CEC9-4405-9169-19C0DB294B36}
	EndGlobalSection
EndGlobal
